
Microsoft Visual Studio Solution File, Format Version 12.00
# Visual Studio Version 17
VisualStudioVersion = 17.4.33110.190
MinimumVisualStudioVersion = 10.0.40219.1
Project("{FAE04EC0-301F-11D3-BF4B-00C04F79EFBC}") = "Arrays", "Arrays\Arrays.csproj", "{991A6354-7A93-4C31-832F-0210E4086C34}"
EndProject
Project("{FAE04EC0-301F-11D3-BF4B-00C04F79EFBC}") = "Listas", "Listas\Listas.csproj", "{F04CBA4F-8661-43DA-A00D-146D8935A47E}"
EndProject
Project("{FAE04EC0-301F-11D3-BF4B-00C04F79EFBC}") = "ListasDeObjetos", "ListasDeObjetos\ListasDeObjetos.csproj", "{01B8C6AC-9B87-41FF-AB09-B2C0305F00A3}"
EndProject
Project("{FAE04EC0-301F-11D3-BF4B-00C04F79EFBC}") = "ListaSomenteLeitura", "ListaSomenteLeitura\ListaSomenteLeitura.csproj", "{331F69D0-E3AB-428A-B489-B011BC7DCC90}"
EndProject
Project("{FAE04EC0-301F-11D3-BF4B-00C04F79EFBC}") = "OrdenandoESomando", "OrdenandoESomando\OrdenandoESomando.csproj", "{6D8A8CE9-0314-48A7-B0D1-DE834E13DC4F}"
EndProject
Global
	GlobalSection(SolutionConfigurationPlatforms) = preSolution
		Debug|Any CPU = Debug|Any CPU
		Release|Any CPU = Release|Any CPU
	EndGlobalSection
	GlobalSection(ProjectConfigurationPlatforms) = postSolution
		{991A6354-7A93-4C31-832F-0210E4086C34}.Debug|Any CPU.ActiveCfg = Debug|Any CPU
		{991A6354-7A93-4C31-832F-0210E4086C34}.Debug|Any CPU.Build.0 = Debug|Any CPU
		{991A6354-7A93-4C31-832F-0210E4086C34}.Release|Any CPU.ActiveCfg = Release|Any CPU
		{991A6354-7A93-4C31-832F-0210E4086C34}.Release|Any CPU.Build.0 = Release|Any CPU
		{F04CBA4F-8661-43DA-A00D-146D8935A47E}.Debug|Any CPU.ActiveCfg = Debug|Any CPU
		{F04CBA4F-8661-43DA-A00D-146D8935A47E}.Debug|Any CPU.Build.0 = Debug|Any CPU
		{F04CBA4F-8661-43DA-A00D-146D8935A47E}.Release|Any CPU.ActiveCfg = Release|Any CPU
		{F04CBA4F-8661-43DA-A00D-146D8935A47E}.Release|Any CPU.Build.0 = Release|Any CPU
		{01B8C6AC-9B87-41FF-AB09-B2C0305F00A3}.Debug|Any CPU.ActiveCfg = Debug|Any CPU
		{01B8C6AC-9B87-41FF-AB09-B2C0305F00A3}.Debug|Any CPU.Build.0 = Debug|Any CPU
		{01B8C6AC-9B87-41FF-AB09-B2C0305F00A3}.Release|Any CPU.ActiveCfg = Release|Any CPU
		{01B8C6AC-9B87-41FF-AB09-B2C0305F00A3}.Release|Any CPU.Build.0 = Release|Any CPU
		{331F69D0-E3AB-428A-B489-B011BC7DCC90}.Debug|Any CPU.ActiveCfg = Debug|Any CPU
		{331F69D0-E3AB-428A-B489-B011BC7DCC90}.Debug|Any CPU.Build.0 = Debug|Any CPU
		{331F69D0-E3AB-428A-B489-B011BC7DCC90}.Release|Any CPU.ActiveCfg = Release|Any CPU
		{331F69D0-E3AB-428A-B489-B011BC7DCC90}.Release|Any CPU.Build.0 = Release|Any CPU
		{6D8A8CE9-0314-48A7-B0D1-DE834E13DC4F}.Debug|Any CPU.ActiveCfg = Debug|Any CPU
		{6D8A8CE9-0314-48A7-B0D1-DE834E13DC4F}.Debug|Any CPU.Build.0 = Debug|Any CPU
		{6D8A8CE9-0314-48A7-B0D1-DE834E13DC4F}.Release|Any CPU.ActiveCfg = Release|Any CPU
		{6D8A8CE9-0314-48A7-B0D1-DE834E13DC4F}.Release|Any CPU.Build.0 = Release|Any CPU
	EndGlobalSection
	GlobalSection(SolutionProperties) = preSolution
		HideSolutionNode = FALSE
	EndGlobalSection
	GlobalSection(ExtensibilityGlobals) = postSolution
		SolutionGuid = {7A064CD0-983B-4179-B60E-150DB1A26F53}
	EndGlobalSection
EndGlobal
